
Microsoft Visual Studio Solution File, Format Version 12.00
# Visual Studio Version 17
VisualStudioVersion = 17.6.33723.286
MinimumVisualStudioVersion = 10.0.40219.1
Project("{FAE04EC0-301F-11D3-BF4B-00C04F79EFBC}") = "programme_fichiers", "programme_fichiers\programme_fichiers.csproj", "{5D7A0C27-CA79-4082-A620-F17B77E57BC8}"
EndProject
Global
	GlobalSection(SolutionConfigurationPlatforms) = preSolution
		Debug|Any CPU = Debug|Any CPU
		Release|Any CPU = Release|Any CPU
	EndGlobalSection
	GlobalSection(ProjectConfigurationPlatforms) = postSolution
		{5D7A0C27-CA79-4082-A620-F17B77E57BC8}.Debug|Any CPU.ActiveCfg = Debug|Any CPU
		{5D7A0C27-CA79-4082-A620-F17B77E57BC8}.Debug|Any CPU.Build.0 = Debug|Any CPU
		{5D7A0C27-CA79-4082-A620-F17B77E57BC8}.Release|Any CPU.ActiveCfg = Release|Any CPU
		{5D7A0C27-CA79-4082-A620-F17B77E57BC8}.Release|Any CPU.Build.0 = Release|Any CPU
	EndGlobalSection
	GlobalSection(SolutionProperties) = preSolution
		HideSolutionNode = FALSE
	EndGlobalSection
	GlobalSection(ExtensibilityGlobals) = postSolution
		SolutionGuid = {AE357454-AB04-4C78-B894-5D87F22FAAC0}
	EndGlobalSection
EndGlobal
